
Microsoft Visual Studio Solution File, Format Version 12.00
# Visual Studio 15
VisualStudioVersion = 15.0.27004.2005
MinimumVisualStudioVersion = 10.0.40219.1
Project("{FAE04EC0-301F-11D3-BF4B-00C04F79EFBC}") = "MediaLibrary.GUI", "MediaLibrary.GUI\MediaLibrary.GUI.csproj", "{95697415-C051-4286-A5BF-794E9ABDEF58}"
EndProject
Project("{FAE04EC0-301F-11D3-BF4B-00C04F79EFBC}") = "MediaLibrary.Core", "MediaLibrary.Core\MediaLibrary.Core.csproj", "{409EB9DF-3C66-4C5E-94AD-9369EE69B1D7}"
EndProject
Project("{FAE04EC0-301F-11D3-BF4B-00C04F79EFBC}") = "MediaLibrary.TestConsole", "MediaLibrary.TestConsole\MediaLibrary.TestConsole.csproj", "{9BBFF37C-DD70-4E4A-8A25-9F98C5343961}"
EndProject
Project("{54435603-DBB4-11D2-8724-00A0C9A8B90C}") = "MediaLibrary.Setup", "MediaLibrary.Setup\MediaLibrary.Setup.vdproj", "{78770F78-0AB3-4B3E-BFAD-23625179FAEB}"
EndProject
Project("{FAE04EC0-301F-11D3-BF4B-00C04F79EFBC}") = "DesktopCore.Resources", "..\DesktopCore\DesktopCore.Resources\DesktopCore.Resources.csproj", "{5FF0F56F-3BC8-483F-8AA6-E7B647FE9732}"
EndProject
Project("{FAE04EC0-301F-11D3-BF4B-00C04F79EFBC}") = "DesktopCore", "..\DesktopCore\DesktopCore\DesktopCore.csproj", "{44F7CF9E-B42A-43C3-9644-3F6160EAD41B}"
EndProject
Project("{FAE04EC0-301F-11D3-BF4B-00C04F79EFBC}") = "MediaLibrary.Web", "MediaLibrary.Web\MediaLibrary.Web.csproj", "{3ECFAF3D-BB2D-44A8-A0A3-AB10CA0D99CF}"
EndProject
Project("{2CFEAB61-6A3B-4EB8-B523-560B4BEEF521}") = "MediaLibrary.WebDeploy", "MediaLibrary.WebDeploy\MediaLibrary.WebDeploy.wdproj", "{1F5B4AC7-FF48-46CC-987F-3773C025A41C}"
EndProject
Project("{FAE04EC0-301F-11D3-BF4B-00C04F79EFBC}") = "MediaLibrary", "src\MediaLibrary\MediaLibrary.csproj", "{9FE95CC7-67A8-474E-8B71-6734FDA3AC9A}"
EndProject
Project("{2150E333-8FDC-42A3-9474-1A3956D46DE8}") = "Old", "Old", "{253BDABA-FC1D-485B-B2AC-36BC8D1A64C4}"
EndProject
Project("{FAE04EC0-301F-11D3-BF4B-00C04F79EFBC}") = "MediaLibrary.Desktop.UI", "src\MediaLibrary.Desktop.UI\MediaLibrary.Desktop.UI.csproj", "{D162661C-0F70-4887-A37C-4008A38714E7}"
EndProject
Project("{FAE04EC0-301F-11D3-BF4B-00C04F79EFBC}") = "MediaLibrary.Xml", "src\MediaLibrary.Xml\MediaLibrary.Xml.csproj", "{5E3C59D2-AC63-4A8D-872E-54B97957F8AA}"
EndProject
Project("{FAE04EC0-301F-11D3-BF4B-00C04F79EFBC}") = "MediaLibrary.Test", "test\MediaLibrary.Test\MediaLibrary.Test.csproj", "{22B96BDB-C5A6-4521-8A1D-067BDA7F0C21}"
EndProject
Project("{FAE04EC0-301F-11D3-BF4B-00C04F79EFBC}") = "Neptuo.PresentationModels.Observables", "src\Neptuo.PresentationModels.Observables\Neptuo.PresentationModels.Observables.csproj", "{8A6ECCEB-B35B-4957-8D20-062FC6252A7F}"
EndProject
Global
	GlobalSection(SolutionConfigurationPlatforms) = preSolution
		Debug|Any CPU = Debug|Any CPU
		Debug|Mixed Platforms = Debug|Mixed Platforms
		Debug|x86 = Debug|x86
		Release|Any CPU = Release|Any CPU
		Release|Mixed Platforms = Release|Mixed Platforms
		Release|x86 = Release|x86
	EndGlobalSection
	GlobalSection(ProjectConfigurationPlatforms) = postSolution
		{95697415-C051-4286-A5BF-794E9ABDEF58}.Debug|Any CPU.ActiveCfg = Debug|x86
		{95697415-C051-4286-A5BF-794E9ABDEF58}.Debug|Mixed Platforms.ActiveCfg = Debug|x86
		{95697415-C051-4286-A5BF-794E9ABDEF58}.Debug|x86.ActiveCfg = Debug|x86
		{95697415-C051-4286-A5BF-794E9ABDEF58}.Debug|x86.Build.0 = Debug|x86
		{95697415-C051-4286-A5BF-794E9ABDEF58}.Release|Any CPU.ActiveCfg = Release|x86
		{95697415-C051-4286-A5BF-794E9ABDEF58}.Release|Mixed Platforms.ActiveCfg = Release|x86
		{95697415-C051-4286-A5BF-794E9ABDEF58}.Release|Mixed Platforms.Build.0 = Release|x86
		{95697415-C051-4286-A5BF-794E9ABDEF58}.Release|x86.ActiveCfg = Release|x86
		{95697415-C051-4286-A5BF-794E9ABDEF58}.Release|x86.Build.0 = Release|x86
		{409EB9DF-3C66-4C5E-94AD-9369EE69B1D7}.Debug|Any CPU.ActiveCfg = Debug|Any CPU
		{409EB9DF-3C66-4C5E-94AD-9369EE69B1D7}.Debug|Any CPU.Build.0 = Debug|Any CPU
		{409EB9DF-3C66-4C5E-94AD-9369EE69B1D7}.Debug|Mixed Platforms.ActiveCfg = Debug|Any CPU
		{409EB9DF-3C66-4C5E-94AD-9369EE69B1D7}.Debug|x86.ActiveCfg = Debug|Any CPU
		{409EB9DF-3C66-4C5E-94AD-9369EE69B1D7}.Release|Any CPU.ActiveCfg = Release|Any CPU
		{409EB9DF-3C66-4C5E-94AD-9369EE69B1D7}.Release|Any CPU.Build.0 = Release|Any CPU
		{409EB9DF-3C66-4C5E-94AD-9369EE69B1D7}.Release|Mixed Platforms.ActiveCfg = Release|Any CPU
		{409EB9DF-3C66-4C5E-94AD-9369EE69B1D7}.Release|Mixed Platforms.Build.0 = Release|Any CPU
		{409EB9DF-3C66-4C5E-94AD-9369EE69B1D7}.Release|x86.ActiveCfg = Release|Any CPU
		{9BBFF37C-DD70-4E4A-8A25-9F98C5343961}.Debug|Any CPU.ActiveCfg = Debug|x86
		{9BBFF37C-DD70-4E4A-8A25-9F98C5343961}.Debug|Mixed Platforms.ActiveCfg = Debug|x86
		{9BBFF37C-DD70-4E4A-8A25-9F98C5343961}.Debug|x86.ActiveCfg = Debug|x86
		{9BBFF37C-DD70-4E4A-8A25-9F98C5343961}.Debug|x86.Build.0 = Debug|x86
		{9BBFF37C-DD70-4E4A-8A25-9F98C5343961}.Release|Any CPU.ActiveCfg = Release|x86
		{9BBFF37C-DD70-4E4A-8A25-9F98C5343961}.Release|Mixed Platforms.ActiveCfg = Release|x86
		{9BBFF37C-DD70-4E4A-8A25-9F98C5343961}.Release|Mixed Platforms.Build.0 = Release|x86
		{9BBFF37C-DD70-4E4A-8A25-9F98C5343961}.Release|x86.ActiveCfg = Release|x86
		{9BBFF37C-DD70-4E4A-8A25-9F98C5343961}.Release|x86.Build.0 = Release|x86
		{78770F78-0AB3-4B3E-BFAD-23625179FAEB}.Debug|Any CPU.ActiveCfg = Debug
		{78770F78-0AB3-4B3E-BFAD-23625179FAEB}.Debug|Mixed Platforms.ActiveCfg = Debug
		{78770F78-0AB3-4B3E-BFAD-23625179FAEB}.Debug|x86.ActiveCfg = Debug
		{78770F78-0AB3-4B3E-BFAD-23625179FAEB}.Release|Any CPU.ActiveCfg = Release
		{78770F78-0AB3-4B3E-BFAD-23625179FAEB}.Release|Mixed Platforms.ActiveCfg = Release
		{78770F78-0AB3-4B3E-BFAD-23625179FAEB}.Release|x86.ActiveCfg = Release
		{5FF0F56F-3BC8-483F-8AA6-E7B647FE9732}.Debug|Any CPU.ActiveCfg = Debug|Any CPU
		{5FF0F56F-3BC8-483F-8AA6-E7B647FE9732}.Debug|Any CPU.Build.0 = Debug|Any CPU
		{5FF0F56F-3BC8-483F-8AA6-E7B647FE9732}.Debug|Mixed Platforms.ActiveCfg = Debug|Any CPU
		{5FF0F56F-3BC8-483F-8AA6-E7B647FE9732}.Debug|Mixed Platforms.Build.0 = Debug|Any CPU
		{5FF0F56F-3BC8-483F-8AA6-E7B647FE9732}.Debug|x86.ActiveCfg = Debug|Any CPU
		{5FF0F56F-3BC8-483F-8AA6-E7B647FE9732}.Release|Any CPU.ActiveCfg = Release|Any CPU
		{5FF0F56F-3BC8-483F-8AA6-E7B647FE9732}.Release|Any CPU.Build.0 = Release|Any CPU
		{5FF0F56F-3BC8-483F-8AA6-E7B647FE9732}.Release|Mixed Platforms.ActiveCfg = Release|Any CPU
		{5FF0F56F-3BC8-483F-8AA6-E7B647FE9732}.Release|Mixed Platforms.Build.0 = Release|Any CPU
		{5FF0F56F-3BC8-483F-8AA6-E7B647FE9732}.Release|x86.ActiveCfg = Release|Any CPU
		{44F7CF9E-B42A-43C3-9644-3F6160EAD41B}.Debug|Any CPU.ActiveCfg = Debug|Any CPU
		{44F7CF9E-B42A-43C3-9644-3F6160EAD41B}.Debug|Any CPU.Build.0 = Debug|Any CPU
		{44F7CF9E-B42A-43C3-9644-3F6160EAD41B}.Debug|Mixed Platforms.ActiveCfg = Debug|Any CPU
		{44F7CF9E-B42A-43C3-9644-3F6160EAD41B}.Debug|Mixed Platforms.Build.0 = Debug|Any CPU
		{44F7CF9E-B42A-43C3-9644-3F6160EAD41B}.Debug|x86.ActiveCfg = Debug|Any CPU
		{44F7CF9E-B42A-43C3-9644-3F6160EAD41B}.Release|Any CPU.ActiveCfg = Release|Any CPU
		{44F7CF9E-B42A-43C3-9644-3F6160EAD41B}.Release|Any CPU.Build.0 = Release|Any CPU
		{44F7CF9E-B42A-43C3-9644-3F6160EAD41B}.Release|Mixed Platforms.ActiveCfg = Release|Any CPU
		{44F7CF9E-B42A-43C3-9644-3F6160EAD41B}.Release|Mixed Platforms.Build.0 = Release|Any CPU
		{44F7CF9E-B42A-43C3-9644-3F6160EAD41B}.Release|x86.ActiveCfg = Release|Any CPU
		{3ECFAF3D-BB2D-44A8-A0A3-AB10CA0D99CF}.Debug|Any CPU.ActiveCfg = Debug|Any CPU
		{3ECFAF3D-BB2D-44A8-A0A3-AB10CA0D99CF}.Debug|Any CPU.Build.0 = Debug|Any CPU
		{3ECFAF3D-BB2D-44A8-A0A3-AB10CA0D99CF}.Debug|Mixed Platforms.ActiveCfg = Debug|Any CPU
		{3ECFAF3D-BB2D-44A8-A0A3-AB10CA0D99CF}.Debug|x86.ActiveCfg = Debug|Any CPU
		{3ECFAF3D-BB2D-44A8-A0A3-AB10CA0D99CF}.Release|Any CPU.ActiveCfg = Release|Any CPU
		{3ECFAF3D-BB2D-44A8-A0A3-AB10CA0D99CF}.Release|Any CPU.Build.0 = Release|Any CPU
		{3ECFAF3D-BB2D-44A8-A0A3-AB10CA0D99CF}.Release|Mixed Platforms.ActiveCfg = Release|Any CPU
		{3ECFAF3D-BB2D-44A8-A0A3-AB10CA0D99CF}.Release|Mixed Platforms.Build.0 = Release|Any CPU
		{3ECFAF3D-BB2D-44A8-A0A3-AB10CA0D99CF}.Release|x86.ActiveCfg = Release|Any CPU
		{1F5B4AC7-FF48-46CC-987F-3773C025A41C}.Debug|Any CPU.ActiveCfg = Debug|Any CPU
		{1F5B4AC7-FF48-46CC-987F-3773C025A41C}.Debug|Any CPU.Build.0 = Debug|Any CPU
		{1F5B4AC7-FF48-46CC-987F-3773C025A41C}.Debug|Mixed Platforms.ActiveCfg = Debug|Any CPU
		{1F5B4AC7-FF48-46CC-987F-3773C025A41C}.Debug|x86.ActiveCfg = Debug|Any CPU
		{1F5B4AC7-FF48-46CC-987F-3773C025A41C}.Release|Any CPU.ActiveCfg = Release|Any CPU
		{1F5B4AC7-FF48-46CC-987F-3773C025A41C}.Release|Any CPU.Build.0 = Release|Any CPU
		{1F5B4AC7-FF48-46CC-987F-3773C025A41C}.Release|Mixed Platforms.ActiveCfg = Release|Any CPU
		{1F5B4AC7-FF48-46CC-987F-3773C025A41C}.Release|Mixed Platforms.Build.0 = Release|Any CPU
		{1F5B4AC7-FF48-46CC-987F-3773C025A41C}.Release|x86.ActiveCfg = Release|Any CPU
		{9FE95CC7-67A8-474E-8B71-6734FDA3AC9A}.Debug|Any CPU.ActiveCfg = Debug|Any CPU
		{9FE95CC7-67A8-474E-8B71-6734FDA3AC9A}.Debug|Any CPU.Build.0 = Debug|Any CPU
		{9FE95CC7-67A8-474E-8B71-6734FDA3AC9A}.Debug|Mixed Platforms.ActiveCfg = Debug|Any CPU
		{9FE95CC7-67A8-474E-8B71-6734FDA3AC9A}.Debug|Mixed Platforms.Build.0 = Debug|Any CPU
		{9FE95CC7-67A8-474E-8B71-6734FDA3AC9A}.Debug|x86.ActiveCfg = Debug|Any CPU
		{9FE95CC7-67A8-474E-8B71-6734FDA3AC9A}.Debug|x86.Build.0 = Debug|Any CPU
		{9FE95CC7-67A8-474E-8B71-6734FDA3AC9A}.Release|Any CPU.ActiveCfg = Release|Any CPU
		{9FE95CC7-67A8-474E-8B71-6734FDA3AC9A}.Release|Any CPU.Build.0 = Release|Any CPU
		{9FE95CC7-67A8-474E-8B71-6734FDA3AC9A}.Release|Mixed Platforms.ActiveCfg = Release|Any CPU
		{9FE95CC7-67A8-474E-8B71-6734FDA3AC9A}.Release|Mixed Platforms.Build.0 = Release|Any CPU
		{9FE95CC7-67A8-474E-8B71-6734FDA3AC9A}.Release|x86.ActiveCfg = Release|Any CPU
		{9FE95CC7-67A8-474E-8B71-6734FDA3AC9A}.Release|x86.Build.0 = Release|Any CPU
		{D162661C-0F70-4887-A37C-4008A38714E7}.Debug|Any CPU.ActiveCfg = Debug|Any CPU
		{D162661C-0F70-4887-A37C-4008A38714E7}.Debug|Any CPU.Build.0 = Debug|Any CPU
		{D162661C-0F70-4887-A37C-4008A38714E7}.Debug|Mixed Platforms.ActiveCfg = Debug|Any CPU
		{D162661C-0F70-4887-A37C-4008A38714E7}.Debug|Mixed Platforms.Build.0 = Debug|Any CPU
		{D162661C-0F70-4887-A37C-4008A38714E7}.Debug|x86.ActiveCfg = Debug|Any CPU
		{D162661C-0F70-4887-A37C-4008A38714E7}.Debug|x86.Build.0 = Debug|Any CPU
		{D162661C-0F70-4887-A37C-4008A38714E7}.Release|Any CPU.ActiveCfg = Release|Any CPU
		{D162661C-0F70-4887-A37C-4008A38714E7}.Release|Any CPU.Build.0 = Release|Any CPU
		{D162661C-0F70-4887-A37C-4008A38714E7}.Release|Mixed Platforms.ActiveCfg = Release|Any CPU
		{D162661C-0F70-4887-A37C-4008A38714E7}.Release|Mixed Platforms.Build.0 = Release|Any CPU
		{D162661C-0F70-4887-A37C-4008A38714E7}.Release|x86.ActiveCfg = Release|Any CPU
		{D162661C-0F70-4887-A37C-4008A38714E7}.Release|x86.Build.0 = Release|Any CPU
		{5E3C59D2-AC63-4A8D-872E-54B97957F8AA}.Debug|Any CPU.ActiveCfg = Debug|Any CPU
		{5E3C59D2-AC63-4A8D-872E-54B97957F8AA}.Debug|Any CPU.Build.0 = Debug|Any CPU
		{5E3C59D2-AC63-4A8D-872E-54B97957F8AA}.Debug|Mixed Platforms.ActiveCfg = Debug|Any CPU
		{5E3C59D2-AC63-4A8D-872E-54B97957F8AA}.Debug|Mixed Platforms.Build.0 = Debug|Any CPU
		{5E3C59D2-AC63-4A8D-872E-54B97957F8AA}.Debug|x86.ActiveCfg = Debug|Any CPU
		{5E3C59D2-AC63-4A8D-872E-54B97957F8AA}.Debug|x86.Build.0 = Debug|Any CPU
		{5E3C59D2-AC63-4A8D-872E-54B97957F8AA}.Release|Any CPU.ActiveCfg = Release|Any CPU
		{5E3C59D2-AC63-4A8D-872E-54B97957F8AA}.Release|Any CPU.Build.0 = Release|Any CPU
		{5E3C59D2-AC63-4A8D-872E-54B97957F8AA}.Release|Mixed Platforms.ActiveCfg = Release|Any CPU
		{5E3C59D2-AC63-4A8D-872E-54B97957F8AA}.Release|Mixed Platforms.Build.0 = Release|Any CPU
		{5E3C59D2-AC63-4A8D-872E-54B97957F8AA}.Release|x86.ActiveCfg = Release|Any CPU
		{5E3C59D2-AC63-4A8D-872E-54B97957F8AA}.Release|x86.Build.0 = Release|Any CPU
		{22B96BDB-C5A6-4521-8A1D-067BDA7F0C21}.Debug|Any CPU.ActiveCfg = Debug|Any CPU
		{22B96BDB-C5A6-4521-8A1D-067BDA7F0C21}.Debug|Any CPU.Build.0 = Debug|Any CPU
		{22B96BDB-C5A6-4521-8A1D-067BDA7F0C21}.Debug|Mixed Platforms.ActiveCfg = Debug|Any CPU
		{22B96BDB-C5A6-4521-8A1D-067BDA7F0C21}.Debug|Mixed Platforms.Build.0 = Debug|Any CPU
		{22B96BDB-C5A6-4521-8A1D-067BDA7F0C21}.Debug|x86.ActiveCfg = Debug|Any CPU
		{22B96BDB-C5A6-4521-8A1D-067BDA7F0C21}.Debug|x86.Build.0 = Debug|Any CPU
		{22B96BDB-C5A6-4521-8A1D-067BDA7F0C21}.Release|Any CPU.ActiveCfg = Release|Any CPU
		{22B96BDB-C5A6-4521-8A1D-067BDA7F0C21}.Release|Any CPU.Build.0 = Release|Any CPU
		{22B96BDB-C5A6-4521-8A1D-067BDA7F0C21}.Release|Mixed Platforms.ActiveCfg = Release|Any CPU
		{22B96BDB-C5A6-4521-8A1D-067BDA7F0C21}.Release|Mixed Platforms.Build.0 = Release|Any CPU
		{22B96BDB-C5A6-4521-8A1D-067BDA7F0C21}.Release|x86.ActiveCfg = Release|Any CPU
		{22B96BDB-C5A6-4521-8A1D-067BDA7F0C21}.Release|x86.Build.0 = Release|Any CPU
		{8A6ECCEB-B35B-4957-8D20-062FC6252A7F}.Debug|Any CPU.ActiveCfg = Debug|Any CPU
		{8A6ECCEB-B35B-4957-8D20-062FC6252A7F}.Debug|Any CPU.Build.0 = Debug|Any CPU
		{8A6ECCEB-B35B-4957-8D20-062FC6252A7F}.Debug|Mixed Platforms.ActiveCfg = Debug|Any CPU
		{8A6ECCEB-B35B-4957-8D20-062FC6252A7F}.Debug|Mixed Platforms.Build.0 = Debug|Any CPU
		{8A6ECCEB-B35B-4957-8D20-062FC6252A7F}.Debug|x86.ActiveCfg = Debug|Any CPU
		{8A6ECCEB-B35B-4957-8D20-062FC6252A7F}.Debug|x86.Build.0 = Debug|Any CPU
		{8A6ECCEB-B35B-4957-8D20-062FC6252A7F}.Release|Any CPU.ActiveCfg = Release|Any CPU
		{8A6ECCEB-B35B-4957-8D20-062FC6252A7F}.Release|Any CPU.Build.0 = Release|Any CPU
		{8A6ECCEB-B35B-4957-8D20-062FC6252A7F}.Release|Mixed Platforms.ActiveCfg = Release|Any CPU
		{8A6ECCEB-B35B-4957-8D20-062FC6252A7F}.Release|Mixed Platforms.Build.0 = Release|Any CPU
		{8A6ECCEB-B35B-4957-8D20-062FC6252A7F}.Release|x86.ActiveCfg = Release|Any CPU
		{8A6ECCEB-B35B-4957-8D20-062FC6252A7F}.Release|x86.Build.0 = Release|Any CPU
	EndGlobalSection
	GlobalSection(SolutionProperties) = preSolution
		HideSolutionNode = FALSE
	EndGlobalSection
	GlobalSection(NestedProjects) = preSolution
		{95697415-C051-4286-A5BF-794E9ABDEF58} = {253BDABA-FC1D-485B-B2AC-36BC8D1A64C4}
		{409EB9DF-3C66-4C5E-94AD-9369EE69B1D7} = {253BDABA-FC1D-485B-B2AC-36BC8D1A64C4}
		{9BBFF37C-DD70-4E4A-8A25-9F98C5343961} = {253BDABA-FC1D-485B-B2AC-36BC8D1A64C4}
		{78770F78-0AB3-4B3E-BFAD-23625179FAEB} = {253BDABA-FC1D-485B-B2AC-36BC8D1A64C4}
		{5FF0F56F-3BC8-483F-8AA6-E7B647FE9732} = {253BDABA-FC1D-485B-B2AC-36BC8D1A64C4}
		{44F7CF9E-B42A-43C3-9644-3F6160EAD41B} = {253BDABA-FC1D-485B-B2AC-36BC8D1A64C4}
		{3ECFAF3D-BB2D-44A8-A0A3-AB10CA0D99CF} = {253BDABA-FC1D-485B-B2AC-36BC8D1A64C4}
		{1F5B4AC7-FF48-46CC-987F-3773C025A41C} = {253BDABA-FC1D-485B-B2AC-36BC8D1A64C4}
	EndGlobalSection
	GlobalSection(ExtensibilityGlobals) = postSolution
		BuildVersion_UseGlobalSettings = True
		EnterpriseLibraryConfigurationToolBinariesPath = packages\Unity.2.1.505.0\lib\NET35
		SolutionGuid = {3DA336BD-5C7D-46B3-81E3-34992F353E53}
	EndGlobalSection
EndGlobal
